
Microsoft Visual Studio Solution File, Format Version 12.00
# Visual Studio Version 16
VisualStudioVersion = 16.0.30330.147
MinimumVisualStudioVersion = 10.0.40219.1
Project("{FAE04EC0-301F-11D3-BF4B-00C04F79EFBC}") = "KrampelDemo", "KrampelDemo\KrampelDemo.csproj", "{7D9607FF-FAAE-40DC-AC1D-CB363F3D9971}"
EndProject
Global
	GlobalSection(SolutionConfigurationPlatforms) = preSolution
		Debug|Any CPU = Debug|Any CPU
		Release|Any CPU = Release|Any CPU
	EndGlobalSection
	GlobalSection(ProjectConfigurationPlatforms) = postSolution
		{7D9607FF-FAAE-40DC-AC1D-CB363F3D9971}.Debug|Any CPU.ActiveCfg = Debug|Any CPU
		{7D9607FF-FAAE-40DC-AC1D-CB363F3D9971}.Debug|Any CPU.Build.0 = Debug|Any CPU
		{7D9607FF-FAAE-40DC-AC1D-CB363F3D9971}.Release|Any CPU.ActiveCfg = Release|Any CPU
		{7D9607FF-FAAE-40DC-AC1D-CB363F3D9971}.Release|Any CPU.Build.0 = Release|Any CPU
	EndGlobalSection
	GlobalSection(SolutionProperties) = preSolution
		HideSolutionNode = FALSE
	EndGlobalSection
	GlobalSection(ExtensibilityGlobals) = postSolution
		SolutionGuid = {1D934ED4-DCDF-4829-BCEE-C04E9B8B6F6F}
	EndGlobalSection
EndGlobal
