
Microsoft Visual Studio Solution File, Format Version 12.00
# Visual Studio Version 16
VisualStudioVersion = 16.0.30330.147
MinimumVisualStudioVersion = 10.0.40219.1
Project("{FAE04EC0-301F-11D3-BF4B-00C04F79EFBC}") = "Krampel-Preview", "Krampel-Preview\Krampel-Preview.csproj", "{9B29A2D2-CE07-4911-AEE4-AA9C6E20C61F}"
EndProject
Global
	GlobalSection(SolutionConfigurationPlatforms) = preSolution
		Debug|Any CPU = Debug|Any CPU
		Release|Any CPU = Release|Any CPU
	EndGlobalSection
	GlobalSection(ProjectConfigurationPlatforms) = postSolution
		{9B29A2D2-CE07-4911-AEE4-AA9C6E20C61F}.Debug|Any CPU.ActiveCfg = Debug|Any CPU
		{9B29A2D2-CE07-4911-AEE4-AA9C6E20C61F}.Debug|Any CPU.Build.0 = Debug|Any CPU
		{9B29A2D2-CE07-4911-AEE4-AA9C6E20C61F}.Release|Any CPU.ActiveCfg = Release|Any CPU
		{9B29A2D2-CE07-4911-AEE4-AA9C6E20C61F}.Release|Any CPU.Build.0 = Release|Any CPU
	EndGlobalSection
	GlobalSection(SolutionProperties) = preSolution
		HideSolutionNode = FALSE
	EndGlobalSection
	GlobalSection(ExtensibilityGlobals) = postSolution
		SolutionGuid = {7FD804E5-83C8-4472-99A9-92D230DBDE4B}
	EndGlobalSection
EndGlobal
