
Microsoft Visual Studio Solution File, Format Version 12.00
# Visual Studio Version 16
VisualStudioVersion = 16.0.30330.147
MinimumVisualStudioVersion = 10.0.40219.1
Project("{FAE04EC0-301F-11D3-BF4B-00C04F79EFBC}") = "Coneckt.Web", "Coneckt.Web\Coneckt.Web.csproj", "{2833ED36-9A18-47B6-8F33-8998356796D9}"
EndProject
Project("{FAE04EC0-301F-11D3-BF4B-00C04F79EFBC}") = "Conneckt.Data", "Conneckt.Data\Conneckt.Data.csproj", "{3CE74F3E-B1AE-470C-993C-462E93BD7077}"
EndProject
Global
	GlobalSection(SolutionConfigurationPlatforms) = preSolution
		Debug|Any CPU = Debug|Any CPU
		Release|Any CPU = Release|Any CPU
	EndGlobalSection
	GlobalSection(ProjectConfigurationPlatforms) = postSolution
		{2833ED36-9A18-47B6-8F33-8998356796D9}.Debug|Any CPU.ActiveCfg = Debug|Any CPU
		{2833ED36-9A18-47B6-8F33-8998356796D9}.Debug|Any CPU.Build.0 = Debug|Any CPU
		{2833ED36-9A18-47B6-8F33-8998356796D9}.Release|Any CPU.ActiveCfg = Release|Any CPU
		{2833ED36-9A18-47B6-8F33-8998356796D9}.Release|Any CPU.Build.0 = Release|Any CPU
		{3CE74F3E-B1AE-470C-993C-462E93BD7077}.Debug|Any CPU.ActiveCfg = Debug|Any CPU
		{3CE74F3E-B1AE-470C-993C-462E93BD7077}.Debug|Any CPU.Build.0 = Debug|Any CPU
		{3CE74F3E-B1AE-470C-993C-462E93BD7077}.Release|Any CPU.ActiveCfg = Release|Any CPU
		{3CE74F3E-B1AE-470C-993C-462E93BD7077}.Release|Any CPU.Build.0 = Release|Any CPU
	EndGlobalSection
	GlobalSection(SolutionProperties) = preSolution
		HideSolutionNode = FALSE
	EndGlobalSection
	GlobalSection(ExtensibilityGlobals) = postSolution
		SolutionGuid = {071B0B57-364B-4E62-AF58-45BA248E841D}
	EndGlobalSection
EndGlobal
